
Microsoft Visual Studio Solution File, Format Version 12.00
# Visual Studio Version 17
VisualStudioVersion = 17.0.31903.59
MinimumVisualStudioVersion = 10.0.40219.1
Project("{FAE04EC0-301F-11D3-BF4B-00C04F79EFBC}") = "OficiaApp.Domain", "OficiaApp.Domain\OficiaApp.Domain.csproj", "{FA625659-A038-4ECE-9037-671C828538EF}"
EndProject
Project("{FAE04EC0-301F-11D3-BF4B-00C04F79EFBC}") = "OficiaApp.Application", "OficiaApp.Application\OficiaApp.Application.csproj", "{5B8BC8AA-91D9-45A2-8D83-18ABC8723829}"
EndProject
Project("{FAE04EC0-301F-11D3-BF4B-00C04F79EFBC}") = "OficiaApp.Infrastructure", "OficiaApp.Infrastructure\OficiaApp.Infrastructure.csproj", "{27A8B937-E34D-4C39-A4AD-8656FC1D1D99}"
EndProject
Project("{FAE04EC0-301F-11D3-BF4B-00C04F79EFBC}") = "OficiaApp.Api", "OficiaApp.Api\OficiaApp.Api.csproj", "{9309636A-502C-4EE1-91EF-6032BC0B7375}"
EndProject
Global
	GlobalSection(SolutionConfigurationPlatforms) = preSolution
		Debug|Any CPU = Debug|Any CPU
		Debug|x64 = Debug|x64
		Debug|x86 = Debug|x86
		Release|Any CPU = Release|Any CPU
		Release|x64 = Release|x64
		Release|x86 = Release|x86
	EndGlobalSection
	GlobalSection(ProjectConfigurationPlatforms) = postSolution
		{FA625659-A038-4ECE-9037-671C828538EF}.Debug|Any CPU.ActiveCfg = Debug|Any CPU
		{FA625659-A038-4ECE-9037-671C828538EF}.Debug|Any CPU.Build.0 = Debug|Any CPU
		{FA625659-A038-4ECE-9037-671C828538EF}.Debug|x64.ActiveCfg = Debug|Any CPU
		{FA625659-A038-4ECE-9037-671C828538EF}.Debug|x64.Build.0 = Debug|Any CPU
		{FA625659-A038-4ECE-9037-671C828538EF}.Debug|x86.ActiveCfg = Debug|Any CPU
		{FA625659-A038-4ECE-9037-671C828538EF}.Debug|x86.Build.0 = Debug|Any CPU
		{FA625659-A038-4ECE-9037-671C828538EF}.Release|Any CPU.ActiveCfg = Release|Any CPU
		{FA625659-A038-4ECE-9037-671C828538EF}.Release|Any CPU.Build.0 = Release|Any CPU
		{FA625659-A038-4ECE-9037-671C828538EF}.Release|x64.ActiveCfg = Release|Any CPU
		{FA625659-A038-4ECE-9037-671C828538EF}.Release|x64.Build.0 = Release|Any CPU
		{FA625659-A038-4ECE-9037-671C828538EF}.Release|x86.ActiveCfg = Release|Any CPU
		{FA625659-A038-4ECE-9037-671C828538EF}.Release|x86.Build.0 = Release|Any CPU
		{5B8BC8AA-91D9-45A2-8D83-18ABC8723829}.Debug|Any CPU.ActiveCfg = Debug|Any CPU
		{5B8BC8AA-91D9-45A2-8D83-18ABC8723829}.Debug|Any CPU.Build.0 = Debug|Any CPU
		{5B8BC8AA-91D9-45A2-8D83-18ABC8723829}.Debug|x64.ActiveCfg = Debug|Any CPU
		{5B8BC8AA-91D9-45A2-8D83-18ABC8723829}.Debug|x64.Build.0 = Debug|Any CPU
		{5B8BC8AA-91D9-45A2-8D83-18ABC8723829}.Debug|x86.ActiveCfg = Debug|Any CPU
		{5B8BC8AA-91D9-45A2-8D83-18ABC8723829}.Debug|x86.Build.0 = Debug|Any CPU
		{5B8BC8AA-91D9-45A2-8D83-18ABC8723829}.Release|Any CPU.ActiveCfg = Release|Any CPU
		{5B8BC8AA-91D9-45A2-8D83-18ABC8723829}.Release|Any CPU.Build.0 = Release|Any CPU
		{5B8BC8AA-91D9-45A2-8D83-18ABC8723829}.Release|x64.ActiveCfg = Release|Any CPU
		{5B8BC8AA-91D9-45A2-8D83-18ABC8723829}.Release|x64.Build.0 = Release|Any CPU
		{5B8BC8AA-91D9-45A2-8D83-18ABC8723829}.Release|x86.ActiveCfg = Release|Any CPU
		{5B8BC8AA-91D9-45A2-8D83-18ABC8723829}.Release|x86.Build.0 = Release|Any CPU
		{27A8B937-E34D-4C39-A4AD-8656FC1D1D99}.Debug|Any CPU.ActiveCfg = Debug|Any CPU
		{27A8B937-E34D-4C39-A4AD-8656FC1D1D99}.Debug|Any CPU.Build.0 = Debug|Any CPU
		{27A8B937-E34D-4C39-A4AD-8656FC1D1D99}.Debug|x64.ActiveCfg = Debug|Any CPU
		{27A8B937-E34D-4C39-A4AD-8656FC1D1D99}.Debug|x64.Build.0 = Debug|Any CPU
		{27A8B937-E34D-4C39-A4AD-8656FC1D1D99}.Debug|x86.ActiveCfg = Debug|Any CPU
		{27A8B937-E34D-4C39-A4AD-8656FC1D1D99}.Debug|x86.Build.0 = Debug|Any CPU
		{27A8B937-E34D-4C39-A4AD-8656FC1D1D99}.Release|Any CPU.ActiveCfg = Release|Any CPU
		{27A8B937-E34D-4C39-A4AD-8656FC1D1D99}.Release|Any CPU.Build.0 = Release|Any CPU
		{27A8B937-E34D-4C39-A4AD-8656FC1D1D99}.Release|x64.ActiveCfg = Release|Any CPU
		{27A8B937-E34D-4C39-A4AD-8656FC1D1D99}.Release|x64.Build.0 = Release|Any CPU
		{27A8B937-E34D-4C39-A4AD-8656FC1D1D99}.Release|x86.ActiveCfg = Release|Any CPU
		{27A8B937-E34D-4C39-A4AD-8656FC1D1D99}.Release|x86.Build.0 = Release|Any CPU
		{9309636A-502C-4EE1-91EF-6032BC0B7375}.Debug|Any CPU.ActiveCfg = Debug|Any CPU
		{9309636A-502C-4EE1-91EF-6032BC0B7375}.Debug|Any CPU.Build.0 = Debug|Any CPU
		{9309636A-502C-4EE1-91EF-6032BC0B7375}.Debug|x64.ActiveCfg = Debug|Any CPU
		{9309636A-502C-4EE1-91EF-6032BC0B7375}.Debug|x64.Build.0 = Debug|Any CPU
		{9309636A-502C-4EE1-91EF-6032BC0B7375}.Debug|x86.ActiveCfg = Debug|Any CPU
		{9309636A-502C-4EE1-91EF-6032BC0B7375}.Debug|x86.Build.0 = Debug|Any CPU
		{9309636A-502C-4EE1-91EF-6032BC0B7375}.Release|Any CPU.ActiveCfg = Release|Any CPU
		{9309636A-502C-4EE1-91EF-6032BC0B7375}.Release|Any CPU.Build.0 = Release|Any CPU
		{9309636A-502C-4EE1-91EF-6032BC0B7375}.Release|x64.ActiveCfg = Release|Any CPU
		{9309636A-502C-4EE1-91EF-6032BC0B7375}.Release|x64.Build.0 = Release|Any CPU
		{9309636A-502C-4EE1-91EF-6032BC0B7375}.Release|x86.ActiveCfg = Release|Any CPU
		{9309636A-502C-4EE1-91EF-6032BC0B7375}.Release|x86.Build.0 = Release|Any CPU
	EndGlobalSection
	GlobalSection(SolutionProperties) = preSolution
		HideSolutionNode = FALSE
	EndGlobalSection
EndGlobal
